// !$*UTF8*$!
{
	archiveVersion = 1;
	classes = {
	};
	objectVersion = 77;
	objects = {

/* Begin PBXContainerItemProxy section */
		71D3CAE42CB5168E00FEE78C /* PBXContainerItemProxy */ = {
			isa = PBXContainerItemProxy;
			containerPortal = 71D3CAC92CB5168C00FEE78C /* Project object */;
			proxyType = 1;
			remoteGlobalIDString = 71D3CAD02CB5168C00FEE78C;
			remoteInfo = Vycle;
		};
		71D3CAEE2CB5168E00FEE78C /* PBXContainerItemProxy */ = {
			isa = PBXContainerItemProxy;
			containerPortal = 71D3CAC92CB5168C00FEE78C /* Project object */;
			proxyType = 1;
			remoteGlobalIDString = 71D3CAD02CB5168C00FEE78C;
			remoteInfo = Vycle;
		};
/* End PBXContainerItemProxy section */

/* Begin PBXFileReference section */
		71D3CAD12CB5168C00FEE78C /* Vycle.app */ = {isa = PBXFileReference; explicitFileType = wrapper.application; includeInIndex = 0; path = Vycle.app; sourceTree = BUILT_PRODUCTS_DIR; };
		71D3CAE32CB5168E00FEE78C /* VycleTests.xctest */ = {isa = PBXFileReference; explicitFileType = wrapper.cfbundle; includeInIndex = 0; path = VycleTests.xctest; sourceTree = BUILT_PRODUCTS_DIR; };
		71D3CAED2CB5168E00FEE78C /* VycleUITests.xctest */ = {isa = PBXFileReference; explicitFileType = wrapper.cfbundle; includeInIndex = 0; path = VycleUITests.xctest; sourceTree = BUILT_PRODUCTS_DIR; };
/* End PBXFileReference section */

/* Begin PBXFileSystemSynchronizedBuildFileExceptionSet section */
		EC19B93D2CB536F400B189AB /* Exceptions for "Vycle" folder in "Vycle" target */ = {
			isa = PBXFileSystemSynchronizedBuildFileExceptionSet;
			membershipExceptions = (
				Info.plist,
			);
			target = 71D3CAD02CB5168C00FEE78C /* Vycle */;
		};
/* End PBXFileSystemSynchronizedBuildFileExceptionSet section */

/* Begin PBXFileSystemSynchronizedRootGroup section */
		71D3CAD32CB5168C00FEE78C /* Vycle */ = {
			isa = PBXFileSystemSynchronizedRootGroup;
			exceptions = (
				EC19B93D2CB536F400B189AB /* Exceptions for "Vycle" folder in "Vycle" target */,
			);
			path = Vycle;
			sourceTree = "<group>";
		};
		71D3CAE62CB5168E00FEE78C /* VycleTests */ = {
			isa = PBXFileSystemSynchronizedRootGroup;
			path = VycleTests;
			sourceTree = "<group>";
		};
		71D3CAF02CB5168E00FEE78C /* VycleUITests */ = {
			isa = PBXFileSystemSynchronizedRootGroup;
			path = VycleUITests;
			sourceTree = "<group>";
		};
/* End PBXFileSystemSynchronizedRootGroup section */

/* Begin PBXFrameworksBuildPhase section */
		71D3CACE2CB5168C00FEE78C /* Frameworks */ = {
			isa = PBXFrameworksBuildPhase;
			buildActionMask = 2147483647;
			files = (
			);
			runOnlyForDeploymentPostprocessing = 0;
		};
		71D3CAE02CB5168E00FEE78C /* Frameworks */ = {
			isa = PBXFrameworksBuildPhase;
			buildActionMask = 2147483647;
			files = (
			);
			runOnlyForDeploymentPostprocessing = 0;
		};
		71D3CAEA2CB5168E00FEE78C /* Frameworks */ = {
			isa = PBXFrameworksBuildPhase;
			buildActionMask = 2147483647;
			files = (
			);
			runOnlyForDeploymentPostprocessing = 0;
		};
/* End PBXFrameworksBuildPhase section */

/* Begin PBXGroup section */
		71D3CAC82CB5168C00FEE78C = {
			isa = PBXGroup;
			children = (
				71D3CAD32CB5168C00FEE78C /* Vycle */,
				71D3CAE62CB5168E00FEE78C /* VycleTests */,
				71D3CAF02CB5168E00FEE78C /* VycleUITests */,
				71D3CAD22CB5168C00FEE78C /* Products */,
			);
			sourceTree = "<group>";
		};
		71D3CAD22CB5168C00FEE78C /* Products */ = {
			isa = PBXGroup;
			children = (
				71D3CAD12CB5168C00FEE78C /* Vycle.app */,
				71D3CAE32CB5168E00FEE78C /* VycleTests.xctest */,
				71D3CAED2CB5168E00FEE78C /* VycleUITests.xctest */,
			);
			name = Products;
			sourceTree = "<group>";
		};
/* End PBXGroup section */

/* Begin PBXNativeTarget section */
		71D3CAD02CB5168C00FEE78C /* Vycle */ = {
			isa = PBXNativeTarget;
			buildConfigurationList = 71D3CAF72CB5168E00FEE78C /* Build configuration list for PBXNativeTarget "Vycle" */;
			buildPhases = (
				71D3CACD2CB5168C00FEE78C /* Sources */,
				71D3CACE2CB5168C00FEE78C /* Frameworks */,
				71D3CACF2CB5168C00FEE78C /* Resources */,
			);
			buildRules = (
			);
			dependencies = (
			);
			fileSystemSynchronizedGroups = (
				71D3CAD32CB5168C00FEE78C /* Vycle */,
			);
			name = Vycle;
			packageProductDependencies = (
			);
			productName = Vycle;
			productReference = 71D3CAD12CB5168C00FEE78C /* Vycle.app */;
			productType = "com.apple.product-type.application";
		};
		71D3CAE22CB5168E00FEE78C /* VycleTests */ = {
			isa = PBXNativeTarget;
			buildConfigurationList = 71D3CAFA2CB5168E00FEE78C /* Build configuration list for PBXNativeTarget "VycleTests" */;
			buildPhases = (
				71D3CADF2CB5168E00FEE78C /* Sources */,
				71D3CAE02CB5168E00FEE78C /* Frameworks */,
				71D3CAE12CB5168E00FEE78C /* Resources */,
			);
			buildRules = (
			);
			dependencies = (
				71D3CAE52CB5168E00FEE78C /* PBXTargetDependency */,
			);
			fileSystemSynchronizedGroups = (
				71D3CAE62CB5168E00FEE78C /* VycleTests */,
			);
			name = VycleTests;
			packageProductDependencies = (
			);
			productName = VycleTests;
			productReference = 71D3CAE32CB5168E00FEE78C /* VycleTests.xctest */;
			productType = "com.apple.product-type.bundle.unit-test";
		};
		71D3CAEC2CB5168E00FEE78C /* VycleUITests */ = {
			isa = PBXNativeTarget;
			buildConfigurationList = 71D3CAFD2CB5168E00FEE78C /* Build configuration list for PBXNativeTarget "VycleUITests" */;
			buildPhases = (
				71D3CAE92CB5168E00FEE78C /* Sources */,
				71D3CAEA2CB5168E00FEE78C /* Frameworks */,
				71D3CAEB2CB5168E00FEE78C /* Resources */,
			);
			buildRules = (
			);
			dependencies = (
				71D3CAEF2CB5168E00FEE78C /* PBXTargetDependency */,
			);
			fileSystemSynchronizedGroups = (
				71D3CAF02CB5168E00FEE78C /* VycleUITests */,
			);
			name = VycleUITests;
			packageProductDependencies = (
			);
			productName = VycleUITests;
			productReference = 71D3CAED2CB5168E00FEE78C /* VycleUITests.xctest */;
			productType = "com.apple.product-type.bundle.ui-testing";
		};
/* End PBXNativeTarget section */

/* Begin PBXProject section */
		71D3CAC92CB5168C00FEE78C /* Project object */ = {
			isa = PBXProject;
			attributes = {
				BuildIndependentTargetsInParallel = 1;
				LastSwiftUpdateCheck = 1600;
				LastUpgradeCheck = 1600;
				TargetAttributes = {
					71D3CAD02CB5168C00FEE78C = {
						CreatedOnToolsVersion = 16.0;
					};
					71D3CAE22CB5168E00FEE78C = {
						CreatedOnToolsVersion = 16.0;
						TestTargetID = 71D3CAD02CB5168C00FEE78C;
					};
					71D3CAEC2CB5168E00FEE78C = {
						CreatedOnToolsVersion = 16.0;
						TestTargetID = 71D3CAD02CB5168C00FEE78C;
					};
				};
			};
			buildConfigurationList = 71D3CACC2CB5168C00FEE78C /* Build configuration list for PBXProject "Vycle" */;
			developmentRegion = en;
			hasScannedForEncodings = 0;
			knownRegions = (
				en,
				Base,
			);
			mainGroup = 71D3CAC82CB5168C00FEE78C;
			minimizedProjectReferenceProxies = 1;
			preferredProjectObjectVersion = 77;
			productRefGroup = 71D3CAD22CB5168C00FEE78C /* Products */;
			projectDirPath = "";
			projectRoot = "";
			targets = (
				71D3CAD02CB5168C00FEE78C /* Vycle */,
				71D3CAE22CB5168E00FEE78C /* VycleTests */,
				71D3CAEC2CB5168E00FEE78C /* VycleUITests */,
			);
		};
/* End PBXProject section */

/* Begin PBXResourcesBuildPhase section */
		71D3CACF2CB5168C00FEE78C /* Resources */ = {
			isa = PBXResourcesBuildPhase;
			buildActionMask = 2147483647;
			files = (
			);
			runOnlyForDeploymentPostprocessing = 0;
		};
		71D3CAE12CB5168E00FEE78C /* Resources */ = {
			isa = PBXResourcesBuildPhase;
			buildActionMask = 2147483647;
			files = (
			);
			runOnlyForDeploymentPostprocessing = 0;
		};
		71D3CAEB2CB5168E00FEE78C /* Resources */ = {
			isa = PBXResourcesBuildPhase;
			buildActionMask = 2147483647;
			files = (
			);
			runOnlyForDeploymentPostprocessing = 0;
		};
/* End PBXResourcesBuildPhase section */

/* Begin PBXSourcesBuildPhase section */
		71D3CACD2CB5168C00FEE78C /* Sources */ = {
			isa = PBXSourcesBuildPhase;
			buildActionMask = 2147483647;
			files = (
			);
			runOnlyForDeploymentPostprocessing = 0;
		};
		71D3CADF2CB5168E00FEE78C /* Sources */ = {
			isa = PBXSourcesBuildPhase;
			buildActionMask = 2147483647;
			files = (
			);
			runOnlyForDeploymentPostprocessing = 0;
		};
		71D3CAE92CB5168E00FEE78C /* Sources */ = {
			isa = PBXSourcesBuildPhase;
			buildActionMask = 2147483647;
			files = (
			);
			runOnlyForDeploymentPostprocessing = 0;
		};
/* End PBXSourcesBuildPhase section */

/* Begin PBXTargetDependency section */
		71D3CAE52CB5168E00FEE78C /* PBXTargetDependency */ = {
			isa = PBXTargetDependency;
			target = 71D3CAD02CB5168C00FEE78C /* Vycle */;
			targetProxy = 71D3CAE42CB5168E00FEE78C /* PBXContainerItemProxy */;
		};
		71D3CAEF2CB5168E00FEE78C /* PBXTargetDependency */ = {
			isa = PBXTargetDependency;
			target = 71D3CAD02CB5168C00FEE78C /* Vycle */;
			targetProxy = 71D3CAEE2CB5168E00FEE78C /* PBXContainerItemProxy */;
		};
/* End PBXTargetDependency section */

/* Begin XCBuildConfiguration section */
		71D3CAF52CB5168E00FEE78C /* Debug */ = {
			isa = XCBuildConfiguration;
			buildSettings = {
				ALWAYS_SEARCH_USER_PATHS = NO;
				ASSETCATALOG_COMPILER_GENERATE_SWIFT_ASSET_SYMBOL_EXTENSIONS = YES;
				CLANG_ANALYZER_NONNULL = YES;
				CLANG_ANALYZER_NUMBER_OBJECT_CONVERSION = YES_AGGRESSIVE;
				CLANG_CXX_LANGUAGE_STANDARD = "gnu++20";
				CLANG_ENABLE_MODULES = YES;
				CLANG_ENABLE_OBJC_ARC = YES;
				CLANG_ENABLE_OBJC_WEAK = YES;
				CLANG_WARN_BLOCK_CAPTURE_AUTORELEASING = YES;
				CLANG_WARN_BOOL_CONVERSION = YES;
				CLANG_WARN_COMMA = YES;
				CLANG_WARN_CONSTANT_CONVERSION = YES;
				CLANG_WARN_DEPRECATED_OBJC_IMPLEMENTATIONS = YES;
				CLANG_WARN_DIRECT_OBJC_ISA_USAGE = YES_ERROR;
				CLANG_WARN_DOCUMENTATION_COMMENTS = YES;
				CLANG_WARN_EMPTY_BODY = YES;
				CLANG_WARN_ENUM_CONVERSION = YES;
				CLANG_WARN_INFINITE_RECURSION = YES;
				CLANG_WARN_INT_CONVERSION = YES;
				CLANG_WARN_NON_LITERAL_NULL_CONVERSION = YES;
				CLANG_WARN_OBJC_IMPLICIT_RETAIN_SELF = YES;
				CLANG_WARN_OBJC_LITERAL_CONVERSION = YES;
				CLANG_WARN_OBJC_ROOT_CLASS = YES_ERROR;
				CLANG_WARN_QUOTED_INCLUDE_IN_FRAMEWORK_HEADER = YES;
				CLANG_WARN_RANGE_LOOP_ANALYSIS = YES;
				CLANG_WARN_STRICT_PROTOTYPES = YES;
				CLANG_WARN_SUSPICIOUS_MOVE = YES;
				CLANG_WARN_UNGUARDED_AVAILABILITY = YES_AGGRESSIVE;
				CLANG_WARN_UNREACHABLE_CODE = YES;
				CLANG_WARN__DUPLICATE_METHOD_MATCH = YES;
				COPY_PHASE_STRIP = NO;
				DEBUG_INFORMATION_FORMAT = dwarf;
				ENABLE_STRICT_OBJC_MSGSEND = YES;
				ENABLE_TESTABILITY = YES;
				ENABLE_USER_SCRIPT_SANDBOXING = YES;
				GCC_C_LANGUAGE_STANDARD = gnu17;
				GCC_DYNAMIC_NO_PIC = NO;
				GCC_NO_COMMON_BLOCKS = YES;
				GCC_OPTIMIZATION_LEVEL = 0;
				GCC_PREPROCESSOR_DEFINITIONS = (
					"DEBUG=1",
					"$(inherited)",
				);
				GCC_WARN_64_TO_32_BIT_CONVERSION = YES;
				GCC_WARN_ABOUT_RETURN_TYPE = YES_ERROR;
				GCC_WARN_UNDECLARED_SELECTOR = YES;
				GCC_WARN_UNINITIALIZED_AUTOS = YES_AGGRESSIVE;
				GCC_WARN_UNUSED_FUNCTION = YES;
				GCC_WARN_UNUSED_VARIABLE = YES;
				IPHONEOS_DEPLOYMENT_TARGET = 17.6;
				LOCALIZATION_PREFERS_STRING_CATALOGS = YES;
				MTL_ENABLE_DEBUG_INFO = INCLUDE_SOURCE;
				MTL_FAST_MATH = YES;
				ONLY_ACTIVE_ARCH = YES;
				SDKROOT = iphoneos;
				SWIFT_ACTIVE_COMPILATION_CONDITIONS = "DEBUG $(inherited)";
				SWIFT_OPTIMIZATION_LEVEL = "-Onone";
			};
			name = Debug;
		};
		71D3CAF62CB5168E00FEE78C /* Release */ = {
			isa = XCBuildConfiguration;
			buildSettings = {
				ALWAYS_SEARCH_USER_PATHS = NO;
				ASSETCATALOG_COMPILER_GENERATE_SWIFT_ASSET_SYMBOL_EXTENSIONS = YES;
				CLANG_ANALYZER_NONNULL = YES;
				CLANG_ANALYZER_NUMBER_OBJECT_CONVERSION = YES_AGGRESSIVE;
				CLANG_CXX_LANGUAGE_STANDARD = "gnu++20";
				CLANG_ENABLE_MODULES = YES;
				CLANG_ENABLE_OBJC_ARC = YES;
				CLANG_ENABLE_OBJC_WEAK = YES;
				CLANG_WARN_BLOCK_CAPTURE_AUTORELEASING = YES;
				CLANG_WARN_BOOL_CONVERSION = YES;
				CLANG_WARN_COMMA = YES;
				CLANG_WARN_CONSTANT_CONVERSION = YES;
				CLANG_WARN_DEPRECATED_OBJC_IMPLEMENTATIONS = YES;
				CLANG_WARN_DIRECT_OBJC_ISA_USAGE = YES_ERROR;
				CLANG_WARN_DOCUMENTATION_COMMENTS = YES;
				CLANG_WARN_EMPTY_BODY = YES;
				CLANG_WARN_ENUM_CONVERSION = YES;
				CLANG_WARN_INFINITE_RECURSION = YES;
				CLANG_WARN_INT_CONVERSION = YES;
				CLANG_WARN_NON_LITERAL_NULL_CONVERSION = YES;
				CLANG_WARN_OBJC_IMPLICIT_RETAIN_SELF = YES;
				CLANG_WARN_OBJC_LITERAL_CONVERSION = YES;
				CLANG_WARN_OBJC_ROOT_CLASS = YES_ERROR;
				CLANG_WARN_QUOTED_INCLUDE_IN_FRAMEWORK_HEADER = YES;
				CLANG_WARN_RANGE_LOOP_ANALYSIS = YES;
				CLANG_WARN_STRICT_PROTOTYPES = YES;
				CLANG_WARN_SUSPICIOUS_MOVE = YES;
				CLANG_WARN_UNGUARDED_AVAILABILITY = YES_AGGRESSIVE;
				CLANG_WARN_UNREACHABLE_CODE = YES;
				CLANG_WARN__DUPLICATE_METHOD_MATCH = YES;
				COPY_PHASE_STRIP = NO;
				DEBUG_INFORMATION_FORMAT = "dwarf-with-dsym";
				ENABLE_NS_ASSERTIONS = NO;
				ENABLE_STRICT_OBJC_MSGSEND = YES;
				ENABLE_USER_SCRIPT_SANDBOXING = YES;
				GCC_C_LANGUAGE_STANDARD = gnu17;
				GCC_NO_COMMON_BLOCKS = YES;
				GCC_WARN_64_TO_32_BIT_CONVERSION = YES;
				GCC_WARN_ABOUT_RETURN_TYPE = YES_ERROR;
				GCC_WARN_UNDECLARED_SELECTOR = YES;
				GCC_WARN_UNINITIALIZED_AUTOS = YES_AGGRESSIVE;
				GCC_WARN_UNUSED_FUNCTION = YES;
				GCC_WARN_UNUSED_VARIABLE = YES;
				IPHONEOS_DEPLOYMENT_TARGET = 17.6;
				LOCALIZATION_PREFERS_STRING_CATALOGS = YES;
				MTL_ENABLE_DEBUG_INFO = NO;
				MTL_FAST_MATH = YES;
				SDKROOT = iphoneos;
				SWIFT_COMPILATION_MODE = wholemodule;
				VALIDATE_PRODUCT = YES;
			};
			name = Release;
		};
		71D3CAF82CB5168E00FEE78C /* Debug */ = {
			isa = XCBuildConfiguration;
			buildSettings = {
				ASSETCATALOG_COMPILER_APPICON_NAME = AppIcon;
				ASSETCATALOG_COMPILER_GLOBAL_ACCENT_COLOR_NAME = AccentColor;
				ASSETCATALOG_COMPILER_INCLUDE_ALL_APPICON_ASSETS = YES;
				CODE_SIGN_STYLE = Automatic;
				CURRENT_PROJECT_VERSION = 1;
				DEVELOPMENT_ASSET_PATHS = "\"Vycle/Preview Content\"";
				DEVELOPMENT_TEAM = 7Z75T55G26;
				DEVELOPMENT_TEAM = KVM8YR8J8U;
				ENABLE_PREVIEWS = YES;
				GENERATE_INFOPLIST_FILE = YES;
				INFOPLIST_FILE = Vycle/Info.plist;
				INFOPLIST_KEY_CFBundleDisplayName = Vycle;
				INFOPLIST_KEY_NSBluetoothAlwaysUsageDescription = "This app uses Bluetooth to connect to your ESP32 device";
				INFOPLIST_KEY_NSBluetoothPeripheralUsageDescription = "This app uses Bluetooth to connect to your ESP32 device";
				INFOPLIST_KEY_NSCameraUsageDescription = "Akses kamera dibutuhkan untuk mengambil gambar bukti pembayaran";
				INFOPLIST_KEY_NSLocationAlwaysAndWhenInUseUsageDescription = "We need your location at all times to track significant changes and provide accurate data.";
				INFOPLIST_KEY_NSLocationAlwaysUsageDescription = "We need your location even when you're not using the app to track significant changes.";
				INFOPLIST_KEY_NSLocationWhenInUseUsageDescription = "We need your location to track significant changes and provide better services while using the app.";
				INFOPLIST_KEY_NSPhotoLibraryUsageDescription = "Akses galeri dibutuhkan untuk mengambil gambar bukti pembayaran";
				INFOPLIST_KEY_UIApplicationSceneManifest_Generation = YES;
				INFOPLIST_KEY_UIApplicationSupportsIndirectInputEvents = YES;
				INFOPLIST_KEY_UILaunchScreen_Generation = YES;
				INFOPLIST_KEY_UISupportedInterfaceOrientations_iPad = "UIInterfaceOrientationPortrait UIInterfaceOrientationPortraitUpsideDown UIInterfaceOrientationLandscapeLeft UIInterfaceOrientationLandscapeRight";
				INFOPLIST_KEY_UISupportedInterfaceOrientations_iPhone = "UIInterfaceOrientationPortrait UIInterfaceOrientationLandscapeLeft UIInterfaceOrientationLandscapeRight";
				IPHONEOS_DEPLOYMENT_TARGET = 17.6;
				LD_RUNPATH_SEARCH_PATHS = (
					"$(inherited)",
					"@executable_path/Frameworks",
				);
				MARKETING_VERSION = 1.0;
				PRODUCT_BUNDLE_IDENTIFIER = com.macroniV2.Vycle;
				PRODUCT_NAME = "$(TARGET_NAME)";
				SWIFT_EMIT_LOC_STRINGS = YES;
				SWIFT_VERSION = 5.0;
				TARGETED_DEVICE_FAMILY = "1,2";
			};
			name = Debug;
		};
		71D3CAF92CB5168E00FEE78C /* Release */ = {
			isa = XCBuildConfiguration;
			buildSettings = {
				ASSETCATALOG_COMPILER_APPICON_NAME = AppIcon;
				ASSETCATALOG_COMPILER_GLOBAL_ACCENT_COLOR_NAME = AccentColor;
				ASSETCATALOG_COMPILER_INCLUDE_ALL_APPICON_ASSETS = YES;
				CODE_SIGN_STYLE = Automatic;
				CURRENT_PROJECT_VERSION = 1;
				DEVELOPMENT_ASSET_PATHS = "\"Vycle/Preview Content\"";
				DEVELOPMENT_TEAM = KVM8YR8J8U;
				ENABLE_PREVIEWS = YES;
				GENERATE_INFOPLIST_FILE = YES;
				INFOPLIST_FILE = Vycle/Info.plist;
				INFOPLIST_KEY_CFBundleDisplayName = Vycle;
				INFOPLIST_KEY_NSBluetoothAlwaysUsageDescription = "This app uses Bluetooth to connect to your ESP32 device";
				INFOPLIST_KEY_NSBluetoothPeripheralUsageDescription = "This app uses Bluetooth to connect to your ESP32 device";
				INFOPLIST_KEY_NSCameraUsageDescription = "Akses kamera dibutuhkan untuk mengambil gambar bukti pembayaran";
				INFOPLIST_KEY_NSLocationAlwaysAndWhenInUseUsageDescription = "We need your location at all times to track significant changes and provide accurate data.";
				INFOPLIST_KEY_NSLocationAlwaysUsageDescription = "We need your location even when you're not using the app to track significant changes.";
				INFOPLIST_KEY_NSLocationWhenInUseUsageDescription = "We need your location to track significant changes and provide better services while using the app.";
				INFOPLIST_KEY_NSPhotoLibraryUsageDescription = "Akses galeri dibutuhkan untuk mengambil gambar bukti pembayaran";
				INFOPLIST_KEY_UIApplicationSceneManifest_Generation = YES;
				INFOPLIST_KEY_UIApplicationSupportsIndirectInputEvents = YES;
				INFOPLIST_KEY_UILaunchScreen_Generation = YES;
				INFOPLIST_KEY_UISupportedInterfaceOrientations_iPad = "UIInterfaceOrientationPortrait UIInterfaceOrientationPortraitUpsideDown UIInterfaceOrientationLandscapeLeft UIInterfaceOrientationLandscapeRight";
				INFOPLIST_KEY_UISupportedInterfaceOrientations_iPhone = "UIInterfaceOrientationPortrait UIInterfaceOrientationLandscapeLeft UIInterfaceOrientationLandscapeRight";
				IPHONEOS_DEPLOYMENT_TARGET = 17.6;
				LD_RUNPATH_SEARCH_PATHS = (
					"$(inherited)",
					"@executable_path/Frameworks",
				);
				MARKETING_VERSION = 1.0;
				PRODUCT_BUNDLE_IDENTIFIER = com.macroniV2.Vycle;
				PRODUCT_NAME = "$(TARGET_NAME)";
				SWIFT_EMIT_LOC_STRINGS = YES;
				SWIFT_VERSION = 5.0;
				TARGETED_DEVICE_FAMILY = "1,2";
			};
			name = Release;
		};
		71D3CAFB2CB5168E00FEE78C /* Debug */ = {
			isa = XCBuildConfiguration;
			buildSettings = {
				BUNDLE_LOADER = "$(TEST_HOST)";
				CODE_SIGN_STYLE = Automatic;
				CURRENT_PROJECT_VERSION = 1;
				DEVELOPMENT_TEAM = 7Z75T55G26;
				DEVELOPMENT_TEAM = KVM8YR8J8U;
				GENERATE_INFOPLIST_FILE = YES;
				IPHONEOS_DEPLOYMENT_TARGET = 17.6;
				MARKETING_VERSION = 1.0;
				PRODUCT_BUNDLE_IDENTIFIER = com.macroniV2.VycleTests;
				PRODUCT_NAME = "$(TARGET_NAME)";
				SWIFT_EMIT_LOC_STRINGS = NO;
				SWIFT_VERSION = 5.0;
				TARGETED_DEVICE_FAMILY = "1,2";
				TEST_HOST = "$(BUILT_PRODUCTS_DIR)/Vycle.app/$(BUNDLE_EXECUTABLE_FOLDER_PATH)/Vycle";
			};
			name = Debug;
		};
		71D3CAFC2CB5168E00FEE78C /* Release */ = {
			isa = XCBuildConfiguration;
			buildSettings = {
				BUNDLE_LOADER = "$(TEST_HOST)";
				CODE_SIGN_STYLE = Automatic;
				CURRENT_PROJECT_VERSION = 1;
				DEVELOPMENT_TEAM = KVM8YR8J8U;
				GENERATE_INFOPLIST_FILE = YES;
				IPHONEOS_DEPLOYMENT_TARGET = 17.6;
				MARKETING_VERSION = 1.0;
				PRODUCT_BUNDLE_IDENTIFIER = com.macroniV2.VycleTests;
				PRODUCT_NAME = "$(TARGET_NAME)";
				SWIFT_EMIT_LOC_STRINGS = NO;
				SWIFT_VERSION = 5.0;
				TARGETED_DEVICE_FAMILY = "1,2";
				TEST_HOST = "$(BUILT_PRODUCTS_DIR)/Vycle.app/$(BUNDLE_EXECUTABLE_FOLDER_PATH)/Vycle";
			};
			name = Release;
		};
		71D3CAFE2CB5168E00FEE78C /* Debug */ = {
			isa = XCBuildConfiguration;
			buildSettings = {
				CODE_SIGN_STYLE = Automatic;
				CURRENT_PROJECT_VERSION = 1;
				DEVELOPMENT_TEAM = 7Z75T55G26;
				DEVELOPMENT_TEAM = KVM8YR8J8U;
				GENERATE_INFOPLIST_FILE = YES;
				MARKETING_VERSION = 1.0;
				PRODUCT_BUNDLE_IDENTIFIER = com.macroniV2.VycleUITests;
				PRODUCT_NAME = "$(TARGET_NAME)";
				SWIFT_EMIT_LOC_STRINGS = NO;
				SWIFT_VERSION = 5.0;
				TARGETED_DEVICE_FAMILY = "1,2";
				TEST_TARGET_NAME = Vycle;
			};
			name = Debug;
		};
		71D3CAFF2CB5168E00FEE78C /* Release */ = {
			isa = XCBuildConfiguration;
			buildSettings = {
				CODE_SIGN_STYLE = Automatic;
				CURRENT_PROJECT_VERSION = 1;
				DEVELOPMENT_TEAM = KVM8YR8J8U;
				GENERATE_INFOPLIST_FILE = YES;
				MARKETING_VERSION = 1.0;
				PRODUCT_BUNDLE_IDENTIFIER = com.macroniV2.VycleUITests;
				PRODUCT_NAME = "$(TARGET_NAME)";
				SWIFT_EMIT_LOC_STRINGS = NO;
				SWIFT_VERSION = 5.0;
				TARGETED_DEVICE_FAMILY = "1,2";
				TEST_TARGET_NAME = Vycle;
			};
			name = Release;
		};
/* End XCBuildConfiguration section */

/* Begin XCConfigurationList section */
		71D3CACC2CB5168C00FEE78C /* Build configuration list for PBXProject "Vycle" */ = {
			isa = XCConfigurationList;
			buildConfigurations = (
				71D3CAF52CB5168E00FEE78C /* Debug */,
				71D3CAF62CB5168E00FEE78C /* Release */,
			);
			defaultConfigurationIsVisible = 0;
			defaultConfigurationName = Release;
		};
		71D3CAF72CB5168E00FEE78C /* Build configuration list for PBXNativeTarget "Vycle" */ = {
			isa = XCConfigurationList;
			buildConfigurations = (
				71D3CAF82CB5168E00FEE78C /* Debug */,
				71D3CAF92CB5168E00FEE78C /* Release */,
			);
			defaultConfigurationIsVisible = 0;
			defaultConfigurationName = Release;
		};
		71D3CAFA2CB5168E00FEE78C /* Build configuration list for PBXNativeTarget "VycleTests" */ = {
			isa = XCConfigurationList;
			buildConfigurations = (
				71D3CAFB2CB5168E00FEE78C /* Debug */,
				71D3CAFC2CB5168E00FEE78C /* Release */,
			);
			defaultConfigurationIsVisible = 0;
			defaultConfigurationName = Release;
		};
		71D3CAFD2CB5168E00FEE78C /* Build configuration list for PBXNativeTarget "VycleUITests" */ = {
			isa = XCConfigurationList;
			buildConfigurations = (
				71D3CAFE2CB5168E00FEE78C /* Debug */,
				71D3CAFF2CB5168E00FEE78C /* Release */,
			);
			defaultConfigurationIsVisible = 0;
			defaultConfigurationName = Release;
		};
/* End XCConfigurationList section */
	};
	rootObject = 71D3CAC92CB5168C00FEE78C /* Project object */;
}
